
Microsoft Visual Studio Solution File, Format Version 12.00
# Visual Studio Version 17
VisualStudioVersion = 17.11.35222.181
MinimumVisualStudioVersion = 10.0.40219.1
Project("{8BC9CEB8-8B4A-11D0-8D11-00A0C91BC942}") = "Lab_10.3", "Lab_10.3\Lab_10.3.vcxproj", "{21AA4DB2-6B26-4515-822F-9DB4C735D4B9}"
EndProject
Project("{8BC9CEB8-8B4A-11D0-8D11-00A0C91BC942}") = "UnitTest1", "UnitTest1\UnitTest1.vcxproj", "{AC947738-684D-4498-B9C9-61D4DBD078CA}"
EndProject
Global
	GlobalSection(SolutionConfigurationPlatforms) = preSolution
		Debug|x64 = Debug|x64
		Debug|x86 = Debug|x86
		Release|x64 = Release|x64
		Release|x86 = Release|x86
	EndGlobalSection
	GlobalSection(ProjectConfigurationPlatforms) = postSolution
		{21AA4DB2-6B26-4515-822F-9DB4C735D4B9}.Debug|x64.ActiveCfg = Debug|x64
		{21AA4DB2-6B26-4515-822F-9DB4C735D4B9}.Debug|x64.Build.0 = Debug|x64
		{21AA4DB2-6B26-4515-822F-9DB4C735D4B9}.Debug|x86.ActiveCfg = Debug|Win32
		{21AA4DB2-6B26-4515-822F-9DB4C735D4B9}.Debug|x86.Build.0 = Debug|Win32
		{21AA4DB2-6B26-4515-822F-9DB4C735D4B9}.Release|x64.ActiveCfg = Release|x64
		{21AA4DB2-6B26-4515-822F-9DB4C735D4B9}.Release|x64.Build.0 = Release|x64
		{21AA4DB2-6B26-4515-822F-9DB4C735D4B9}.Release|x86.ActiveCfg = Release|Win32
		{21AA4DB2-6B26-4515-822F-9DB4C735D4B9}.Release|x86.Build.0 = Release|Win32
		{AC947738-684D-4498-B9C9-61D4DBD078CA}.Debug|x64.ActiveCfg = Debug|x64
		{AC947738-684D-4498-B9C9-61D4DBD078CA}.Debug|x64.Build.0 = Debug|x64
		{AC947738-684D-4498-B9C9-61D4DBD078CA}.Debug|x86.ActiveCfg = Debug|Win32
		{AC947738-684D-4498-B9C9-61D4DBD078CA}.Debug|x86.Build.0 = Debug|Win32
		{AC947738-684D-4498-B9C9-61D4DBD078CA}.Release|x64.ActiveCfg = Release|x64
		{AC947738-684D-4498-B9C9-61D4DBD078CA}.Release|x64.Build.0 = Release|x64
		{AC947738-684D-4498-B9C9-61D4DBD078CA}.Release|x86.ActiveCfg = Release|Win32
		{AC947738-684D-4498-B9C9-61D4DBD078CA}.Release|x86.Build.0 = Release|Win32
	EndGlobalSection
	GlobalSection(SolutionProperties) = preSolution
		HideSolutionNode = FALSE
	EndGlobalSection
	GlobalSection(ExtensibilityGlobals) = postSolution
		SolutionGuid = {915B7C39-523C-45E7-82ED-14A56E3834F6}
	EndGlobalSection
EndGlobal
